
Microsoft Visual Studio Solution File, Format Version 12.00
# Visual Studio Version 16
VisualStudioVersion = 16.0.32228.343
MinimumVisualStudioVersion = 10.0.40219.1
Project("{FAE04EC0-301F-11D3-BF4B-00C04F79EFBC}") = "HomeWork 2 17.04.2022", "HomeWork 2 17.04.2022\HomeWork 2 17.04.2022.csproj", "{07634A75-90D2-4315-A2EC-9BE06D192051}"
EndProject
Global
	GlobalSection(SolutionConfigurationPlatforms) = preSolution
		Debug|Any CPU = Debug|Any CPU
		Release|Any CPU = Release|Any CPU
	EndGlobalSection
	GlobalSection(ProjectConfigurationPlatforms) = postSolution
		{07634A75-90D2-4315-A2EC-9BE06D192051}.Debug|Any CPU.ActiveCfg = Debug|Any CPU
		{07634A75-90D2-4315-A2EC-9BE06D192051}.Debug|Any CPU.Build.0 = Debug|Any CPU
		{07634A75-90D2-4315-A2EC-9BE06D192051}.Release|Any CPU.ActiveCfg = Release|Any CPU
		{07634A75-90D2-4315-A2EC-9BE06D192051}.Release|Any CPU.Build.0 = Release|Any CPU
	EndGlobalSection
	GlobalSection(SolutionProperties) = preSolution
		HideSolutionNode = FALSE
	EndGlobalSection
	GlobalSection(ExtensibilityGlobals) = postSolution
		SolutionGuid = {0D9A157E-A977-42A5-BD72-6FAC9C77D40D}
	EndGlobalSection
EndGlobal
